
Microsoft Visual Studio Solution File, Format Version 12.00
# Visual Studio 2013
VisualStudioVersion = 12.0.30324.0
MinimumVisualStudioVersion = 10.0.40219.1
Project("{FAE04EC0-301F-11D3-BF4B-00C04F79EFBC}") = "@MvcNameSpace@", "@MvcNameSpace@\@MvcNameSpace@.csproj", "{39EDFA9F-CAEC-46DB-A961-B483C53EBF0E}"
EndProject
Project("{FAE04EC0-301F-11D3-BF4B-00C04F79EFBC}") = "@NameSpace@", "@NameSpace@\@NameSpace@.csproj", "{0552B26A-25D3-41E0-93DE-C03AA528F17B}"
EndProject
Global
	GlobalSection(SolutionConfigurationPlatforms) = preSolution
		Debug|Any CPU = Debug|Any CPU
		Release|Any CPU = Release|Any CPU
	EndGlobalSection
	GlobalSection(ProjectConfigurationPlatforms) = postSolution
		{39EDFA9F-CAEC-46DB-A961-B483C53EBF0E}.Debug|Any CPU.ActiveCfg = Debug|Any CPU
		{39EDFA9F-CAEC-46DB-A961-B483C53EBF0E}.Debug|Any CPU.Build.0 = Debug|Any CPU
		{39EDFA9F-CAEC-46DB-A961-B483C53EBF0E}.Release|Any CPU.ActiveCfg = Release|Any CPU
		{39EDFA9F-CAEC-46DB-A961-B483C53EBF0E}.Release|Any CPU.Build.0 = Release|Any CPU
		{0552B26A-25D3-41E0-93DE-C03AA528F17B}.Debug|Any CPU.ActiveCfg = Debug|Any CPU
		{0552B26A-25D3-41E0-93DE-C03AA528F17B}.Debug|Any CPU.Build.0 = Debug|Any CPU
		{0552B26A-25D3-41E0-93DE-C03AA528F17B}.Release|Any CPU.ActiveCfg = Release|Any CPU
		{0552B26A-25D3-41E0-93DE-C03AA528F17B}.Release|Any CPU.Build.0 = Release|Any CPU
	EndGlobalSection
	GlobalSection(SolutionProperties) = preSolution
		HideSolutionNode = FALSE
	EndGlobalSection
EndGlobal
